<?xml version="1.0" encoding="utf-8"?>
<Project ToolsVersion="4.0" xmlns="http://schemas.microsoft.com/developer/msbuild/2003">
  <ItemGroup>
    <Filter Include="Source Files">
      <UniqueIdentifier>{4FC737F1-C7A5-4376-A066-2A32D752A2FF}</UniqueIdentifier>
      <Extensions>cpp;c;cc;cxx;def;odl;idl;hpj;bat;asm;asmx</Extensions>
    </Filter>
    <Filter Include="Header Files">
      <UniqueIdentifier>{93995380-89BD-4b04-88EB-625FBE52EBFB}</UniqueIdentifier>
      <Extensions>h;hh;hpp;hxx;hm;inl;inc;xsd</Extensions>
    </Filter>
    <Filter Include="Resource Files">
      <UniqueIdentifier>{67DA6AB6-F800-4c08-8B7A-83BB121AAD01}</UniqueIdentifier>
      <Extensions>rc;ico;cur;bmp;dlg;rc2;rct;bin;rgs;gif;jpg;jpeg;jpe;resx;tiff;tif;png;wav;mfcribbon-ms</Extensions>
    </Filter>
    <Filter Include="Lua">
      <UniqueIdentifier>{b72fd9be-8d6d-4665-a603-ad7d26c8456f}</UniqueIdentifier>
      <Extensions>c;</Extensions>
    </Filter>
  </ItemGroup>
  <ItemGroup>
    <ClInclude Include="stdafx.h">
      <Filter>Header Files</Filter>
    </ClInclude>
    <ClInclude Include="targetver.h">
      <Filter>Header Files</Filter>
    </ClInclude>
    <ClInclude Include="main.h">
      <Filter>Header Files</Filter>
    </ClInclude>
    <ClInclude Include="addresses.h">
      <Filter>Header Files</Filter>
    </ClInclude>
    <ClInclude Include="functions.h">
      <Filter>Header Files</Filter>
    </ClInclude>
    <ClInclude Include="metamethods.h">
      <Filter>Header Files</Filter>
    </ClInclude>
    <ClInclude Include="memory.h">
      <Filter>Header Files</Filter>
    </ClInclude>
    <ClInclude Include="lua-5.1.5\lapi.h">
      <Filter>Lua</Filter>
    </ClInclude>
    <ClInclude Include="lua-5.1.5\lauxlib.h">
      <Filter>Lua</Filter>
    </ClInclude>
    <ClInclude Include="lua-5.1.5\lbaselib.h">
      <Filter>Lua</Filter>
    </ClInclude>
    <ClInclude Include="lua-5.1.5\lcode.h">
      <Filter>Lua</Filter>
    </ClInclude>
    <ClInclude Include="lua-5.1.5\lparser.h">
      <Filter>Lua</Filter>
    </ClInclude>
    <ClInclude Include="lua-5.1.5\ldebug.h">
      <Filter>Lua</Filter>
    </ClInclude>
    <ClInclude Include="lua-5.1.5\ldo.h">
      <Filter>Lua</Filter>
    </ClInclude>
    <ClInclude Include="lua-5.1.5\lfunc.h">
      <Filter>Lua</Filter>
    </ClInclude>
    <ClInclude Include="lua-5.1.5\lgc.h">
      <Filter>Lua</Filter>
    </ClInclude>
    <ClInclude Include="lua-5.1.5\llex.h">
      <Filter>Lua</Filter>
    </ClInclude>
    <ClInclude Include="lua-5.1.5\llimits.h">
      <Filter>Lua</Filter>
    </ClInclude>
    <ClInclude Include="lua-5.1.5\lmem.h">
      <Filter>Lua</Filter>
    </ClInclude>
    <ClInclude Include="lua-5.1.5\lobject.h">
      <Filter>Lua</Filter>
    </ClInclude>
    <ClInclude Include="lua-5.1.5\lopcodes.h">
      <Filter>Lua</Filter>
    </ClInclude>
    <ClInclude Include="lua-5.1.5\lstate.h">
      <Filter>Lua</Filter>
    </ClInclude>
    <ClInclude Include="lua-5.1.5\lstring.h">
      <Filter>Lua</Filter>
    </ClInclude>
    <ClInclude Include="lua-5.1.5\ltable.h">
      <Filter>Lua</Filter>
    </ClInclude>
    <ClInclude Include="lua-5.1.5\ltm.h">
      <Filter>Lua</Filter>
    </ClInclude>
    <ClInclude Include="lua-5.1.5\lua.h">
      <Filter>Lua</Filter>
    </ClInclude>
    <ClInclude Include="lua-5.1.5\luaconf.h">
      <Filter>Lua</Filter>
    </ClInclude>
    <ClInclude Include="lua-5.1.5\lualib.h">
      <Filter>Lua</Filter>
    </ClInclude>
    <ClInclude Include="lua-5.1.5\lundump.h">
      <Filter>Lua</Filter>
    </ClInclude>
    <ClInclude Include="lua-5.1.5\lvm.h">
      <Filter>Lua</Filter>
    </ClInclude>
    <ClInclude Include="lua-5.1.5\lzio.h">
      <Filter>Lua</Filter>
    </ClInclude>
  </ItemGroup>
  <ItemGroup>
    <ClCompile Include="stdafx.cpp">
      <Filter>Source Files</Filter>
    </ClCompile>
    <ClCompile Include="Hystrix.cpp">
      <Filter>Source Files</Filter>
    </ClCompile>
    <ClCompile Include="dllmain.cpp">
      <Filter>Source Files</Filter>
    </ClCompile>
    <ClCompile Include="main.cpp">
      <Filter>Source Files</Filter>
    </ClCompile>
    <ClCompile Include="functions.cpp">
      <Filter>Source Files</Filter>
    </ClCompile>
    <ClCompile Include="metamethods.cpp">
      <Filter>Source Files</Filter>
    </ClCompile>
    <ClCompile Include="memory.cpp">
      <Filter>Source Files</Filter>
    </ClCompile>
    <ClCompile Include="lua-5.1.5\lapi.c">
      <Filter>Lua</Filter>
    </ClCompile>
    <ClCompile Include="lua-5.1.5\lauxlib.c">
      <Filter>Lua</Filter>
    </ClCompile>
    <ClCompile Include="lua-5.1.5\lbaselib.c">
      <Filter>Lua</Filter>
    </ClCompile>
    <ClCompile Include="lua-5.1.5\lcode.c">
      <Filter>Lua</Filter>
    </ClCompile>
    <ClCompile Include="lua-5.1.5\ldblib.c">
      <Filter>Lua</Filter>
    </ClCompile>
    <ClCompile Include="lua-5.1.5\ldebug.c">
      <Filter>Lua</Filter>
    </ClCompile>
    <ClCompile Include="lua-5.1.5\ldo.c">
      <Filter>Lua</Filter>
    </ClCompile>
    <ClCompile Include="lua-5.1.5\ldump.c">
      <Filter>Lua</Filter>
    </ClCompile>
    <ClCompile Include="lua-5.1.5\lfunc.c">
      <Filter>Lua</Filter>
    </ClCompile>
    <ClCompile Include="lua-5.1.5\lgc.c">
      <Filter>Lua</Filter>
    </ClCompile>
    <ClCompile Include="lua-5.1.5\linit.c">
      <Filter>Lua</Filter>
    </ClCompile>
    <ClCompile Include="lua-5.1.5\liolib.c">
      <Filter>Lua</Filter>
    </ClCompile>
    <ClCompile Include="lua-5.1.5\llex.c">
      <Filter>Lua</Filter>
    </ClCompile>
    <ClCompile Include="lua-5.1.5\lmathlib.c">
      <Filter>Lua</Filter>
    </ClCompile>
    <ClCompile Include="lua-5.1.5\lmem.c">
      <Filter>Lua</Filter>
    </ClCompile>
    <ClCompile Include="lua-5.1.5\loadlib.c">
      <Filter>Lua</Filter>
    </ClCompile>
    <ClCompile Include="lua-5.1.5\lobject.c">
      <Filter>Lua</Filter>
    </ClCompile>
    <ClCompile Include="lua-5.1.5\lopcodes.c">
      <Filter>Lua</Filter>
    </ClCompile>
    <ClCompile Include="lua-5.1.5\loslib.c">
      <Filter>Lua</Filter>
    </ClCompile>
    <ClCompile Include="lua-5.1.5\lparser.c">
      <Filter>Lua</Filter>
    </ClCompile>
    <ClCompile Include="lua-5.1.5\lstate.c">
      <Filter>Lua</Filter>
    </ClCompile>
    <ClCompile Include="lua-5.1.5\lstring.c">
      <Filter>Lua</Filter>
    </ClCompile>
    <ClCompile Include="lua-5.1.5\lstrlib.c">
      <Filter>Lua</Filter>
    </ClCompile>
    <ClCompile Include="lua-5.1.5\ltable.c">
      <Filter>Lua</Filter>
    </ClCompile>
    <ClCompile Include="lua-5.1.5\ltablib.c">
      <Filter>Lua</Filter>
    </ClCompile>
    <ClCompile Include="lua-5.1.5\ltm.c">
      <Filter>Lua</Filter>
    </ClCompile>
    <ClCompile Include="lua-5.1.5\lua.c">
      <Filter>Lua</Filter>
    </ClCompile>
    <ClCompile Include="lua-5.1.5\lundump.c">
      <Filter>Lua</Filter>
    </ClCompile>
    <ClCompile Include="lua-5.1.5\lvm.c">
      <Filter>Lua</Filter>
    </ClCompile>
    <ClCompile Include="lua-5.1.5\lzio.c">
      <Filter>Lua</Filter>
    </ClCompile>
    <ClCompile Include="lua-5.1.5\print.c">
      <Filter>Lua</Filter>
    </ClCompile>
  </ItemGroup>
</Project>